# THIS IS AN AUTOGENERATED FILE. DO NOT EDIT THIS FILE DIRECTLY.
# yarn lockfile v1


jquery.json-viewer@^1.2.0:
  version "1.2.0"
  resolved "https://registry.yarnpkg.com/jquery.json-viewer/-/jquery.json-viewer-1.2.0.tgz#9b94f7e67cddb0e3921859a1be47f82dd92f01c4"
  integrity sha512-U/7seSZaTkQWcPwBx//ndW7johc0R2Y9tmzh48GRcEpO7TlpE6IgxbNzxBK0r+xshMqYO+OsIjDoyXnK1x1a1A==
